
Microsoft Visual Studio Solution File, Format Version 12.00
# Visual Studio Version 17
VisualStudioVersion = 17.3.32505.426
MinimumVisualStudioVersion = 10.0.40219.1
Project("{9A19103F-16F7-4668-BE54-9A1E7A4F7556}") = "Microsoft.Azure.WebJobs.Extensions.Redis.Samples", "samples\dotnet\Microsoft.Azure.WebJobs.Extensions.Redis.Samples.csproj", "{287FA4E2-FABB-4E53-B3C0-B920A594E9C2}"
EndProject
Project("{9A19103F-16F7-4668-BE54-9A1E7A4F7556}") = "Microsoft.Azure.WebJobs.Extensions.Redis.Tests", "test\dotnet\Microsoft.Azure.WebJobs.Extensions.Redis.Tests.csproj", "{0EF5AB9B-DB6A-4992-AA3F-F0A1BD18010D}"
EndProject
Project("{9A19103F-16F7-4668-BE54-9A1E7A4F7556}") = "Microsoft.Azure.Functions.Worker.Extensions.Redis", "src\Microsoft.Azure.Functions.Worker.Extensions.Redis\Microsoft.Azure.Functions.Worker.Extensions.Redis.csproj", "{D52E32D7-FB14-4952-AA6E-D16399139E4A}"
EndProject
Project("{9A19103F-16F7-4668-BE54-9A1E7A4F7556}") = "Microsoft.Azure.WebJobs.Extensions.Redis", "src\Microsoft.Azure.WebJobs.Extensions.Redis\Microsoft.Azure.WebJobs.Extensions.Redis.csproj", "{A1A50657-EB50-4B7C-9BDD-AB2A357F8235}"
EndProject
Project("{9A19103F-16F7-4668-BE54-9A1E7A4F7556}") = "ReadThroughSamples", "samples\CosmosDbIntegtation\ReadThroughSamples\ReadThroughSamples.csproj", "{04D19EE9-953A-4D5D-99D5-345692237B35}"
EndProject
Project("{9A19103F-16F7-4668-BE54-9A1E7A4F7556}") = "WriteAroundSamples", "samples\CosmosDbIntegtation\WriteAroundSamples\WriteAroundSamples.csproj", "{D47E35C1-6BE9-4858-BB3A-806EB6910A07}"
EndProject
Project("{9A19103F-16F7-4668-BE54-9A1E7A4F7556}") = "WriteBehindSamples", "samples\CosmosDbIntegtation\WriteBehindSamples\WriteBehindSamples.csproj", "{C12535DC-5EBF-4037-B8DE-FDC36353DE7A}"
EndProject
Project("{9A19103F-16F7-4668-BE54-9A1E7A4F7556}") = "WriteThroughSamples", "samples\CosmosDbIntegtation\WriteThroughSamples\WriteThroughSamples.csproj", "{93846DFB-E487-4908-B343-CEC83D25E762}"
EndProject
Global
	GlobalSection(SolutionConfigurationPlatforms) = preSolution
		Debug|Any CPU = Debug|Any CPU
		Release|Any CPU = Release|Any CPU
	EndGlobalSection
	GlobalSection(ProjectConfigurationPlatforms) = postSolution
		{287FA4E2-FABB-4E53-B3C0-B920A594E9C2}.Debug|Any CPU.ActiveCfg = Debug|Any CPU
		{287FA4E2-FABB-4E53-B3C0-B920A594E9C2}.Debug|Any CPU.Build.0 = Debug|Any CPU
		{287FA4E2-FABB-4E53-B3C0-B920A594E9C2}.Release|Any CPU.ActiveCfg = Release|Any CPU
		{287FA4E2-FABB-4E53-B3C0-B920A594E9C2}.Release|Any CPU.Build.0 = Release|Any CPU
		{0EF5AB9B-DB6A-4992-AA3F-F0A1BD18010D}.Debug|Any CPU.ActiveCfg = Debug|Any CPU
		{0EF5AB9B-DB6A-4992-AA3F-F0A1BD18010D}.Debug|Any CPU.Build.0 = Debug|Any CPU
		{0EF5AB9B-DB6A-4992-AA3F-F0A1BD18010D}.Release|Any CPU.ActiveCfg = Release|Any CPU
		{0EF5AB9B-DB6A-4992-AA3F-F0A1BD18010D}.Release|Any CPU.Build.0 = Release|Any CPU
		{D52E32D7-FB14-4952-AA6E-D16399139E4A}.Debug|Any CPU.ActiveCfg = Debug|Any CPU
		{D52E32D7-FB14-4952-AA6E-D16399139E4A}.Debug|Any CPU.Build.0 = Debug|Any CPU
		{D52E32D7-FB14-4952-AA6E-D16399139E4A}.Release|Any CPU.ActiveCfg = Release|Any CPU
		{D52E32D7-FB14-4952-AA6E-D16399139E4A}.Release|Any CPU.Build.0 = Release|Any CPU
		{A1A50657-EB50-4B7C-9BDD-AB2A357F8235}.Debug|Any CPU.ActiveCfg = Debug|Any CPU
		{A1A50657-EB50-4B7C-9BDD-AB2A357F8235}.Debug|Any CPU.Build.0 = Debug|Any CPU
		{A1A50657-EB50-4B7C-9BDD-AB2A357F8235}.Release|Any CPU.ActiveCfg = Release|Any CPU
		{A1A50657-EB50-4B7C-9BDD-AB2A357F8235}.Release|Any CPU.Build.0 = Release|Any CPU
		{04D19EE9-953A-4D5D-99D5-345692237B35}.Debug|Any CPU.ActiveCfg = Debug|Any CPU
		{04D19EE9-953A-4D5D-99D5-345692237B35}.Debug|Any CPU.Build.0 = Debug|Any CPU
		{04D19EE9-953A-4D5D-99D5-345692237B35}.Release|Any CPU.ActiveCfg = Release|Any CPU
		{04D19EE9-953A-4D5D-99D5-345692237B35}.Release|Any CPU.Build.0 = Release|Any CPU
		{D47E35C1-6BE9-4858-BB3A-806EB6910A07}.Debug|Any CPU.ActiveCfg = Debug|Any CPU
		{D47E35C1-6BE9-4858-BB3A-806EB6910A07}.Debug|Any CPU.Build.0 = Debug|Any CPU
		{D47E35C1-6BE9-4858-BB3A-806EB6910A07}.Release|Any CPU.ActiveCfg = Release|Any CPU
		{D47E35C1-6BE9-4858-BB3A-806EB6910A07}.Release|Any CPU.Build.0 = Release|Any CPU
		{C12535DC-5EBF-4037-B8DE-FDC36353DE7A}.Debug|Any CPU.ActiveCfg = Debug|Any CPU
		{C12535DC-5EBF-4037-B8DE-FDC36353DE7A}.Debug|Any CPU.Build.0 = Debug|Any CPU
		{C12535DC-5EBF-4037-B8DE-FDC36353DE7A}.Release|Any CPU.ActiveCfg = Release|Any CPU
		{C12535DC-5EBF-4037-B8DE-FDC36353DE7A}.Release|Any CPU.Build.0 = Release|Any CPU
		{93846DFB-E487-4908-B343-CEC83D25E762}.Debug|Any CPU.ActiveCfg = Debug|Any CPU
		{93846DFB-E487-4908-B343-CEC83D25E762}.Debug|Any CPU.Build.0 = Debug|Any CPU
		{93846DFB-E487-4908-B343-CEC83D25E762}.Release|Any CPU.ActiveCfg = Release|Any CPU
		{93846DFB-E487-4908-B343-CEC83D25E762}.Release|Any CPU.Build.0 = Release|Any CPU
	EndGlobalSection
	GlobalSection(SolutionProperties) = preSolution
		HideSolutionNode = FALSE
	EndGlobalSection
	GlobalSection(ExtensibilityGlobals) = postSolution
		SolutionGuid = {E5EDDFAD-8177-4120-AEDE-8ED7D5AAFC73}
	EndGlobalSection
EndGlobal
